// !$*UTF8*$!
{
	archiveVersion = 1;
	classes = {
	};
	objectVersion = 55;
	objects = {

/* Begin PBXBuildFile section */
		7CD3DC2F27D76ED800E48D71 /* AppDelegate.m in Sources */ = {isa = PBXBuildFile; fileRef = 7CD3DC2E27D76ED800E48D71 /* AppDelegate.m */; };
		7CD3DC3227D76ED800E48D71 /* SceneDelegate.m in Sources */ = {isa = PBXBuildFile; fileRef = 7CD3DC3127D76ED800E48D71 /* SceneDelegate.m */; };
		7CD3DC3527D76ED800E48D71 /* ViewController.m in Sources */ = {isa = PBXBuildFile; fileRef = 7CD3DC3427D76ED800E48D71 /* ViewController.m */; };
		7CD3DC3827D76ED800E48D71 /* Main.storyboard in Resources */ = {isa = PBXBuildFile; fileRef = 7CD3DC3627D76ED800E48D71 /* Main.storyboard */; };
		7CD3DC3A27D76ED900E48D71 /* Assets.xcassets in Resources */ = {isa = PBXBuildFile; fileRef = 7CD3DC3927D76ED900E48D71 /* Assets.xcassets */; };
		7CD3DC3D27D76ED900E48D71 /* LaunchScreen.storyboard in Resources */ = {isa = PBXBuildFile; fileRef = 7CD3DC3B27D76ED900E48D71 /* LaunchScreen.storyboard */; };
		7CD3DC4027D76ED900E48D71 /* main.m in Sources */ = {isa = PBXBuildFile; fileRef = 7CD3DC3F27D76ED900E48D71 /* main.m */; };
		7CD3DC4A27D76ED900E48D71 /* KKPExampleTests.m in Sources */ = {isa = PBXBuildFile; fileRef = 7CD3DC4927D76ED900E48D71 /* KKPExampleTests.m */; };
		7CD3DC5427D76ED900E48D71 /* KKPExampleUITests.m in Sources */ = {isa = PBXBuildFile; fileRef = 7CD3DC5327D76ED900E48D71 /* KKPExampleUITests.m */; };
		7CD3DC5627D76ED900E48D71 /* KKPExampleUITestsLaunchTests.m in Sources */ = {isa = PBXBuildFile; fileRef = 7CD3DC5527D76ED900E48D71 /* KKPExampleUITestsLaunchTests.m */; };
/* End PBXBuildFile section */

/* Begin PBXContainerItemProxy section */
		7CD3DC4627D76ED900E48D71 /* PBXContainerItemProxy */ = {
			isa = PBXContainerItemProxy;
			containerPortal = 7CD3DC2227D76ED800E48D71 /* Project object */;
			proxyType = 1;
			remoteGlobalIDString = 7CD3DC2927D76ED800E48D71;
			remoteInfo = KKPExample;
		};
		7CD3DC5027D76ED900E48D71 /* PBXContainerItemProxy */ = {
			isa = PBXContainerItemProxy;
			containerPortal = 7CD3DC2227D76ED800E48D71 /* Project object */;
			proxyType = 1;
			remoteGlobalIDString = 7CD3DC2927D76ED800E48D71;
			remoteInfo = KKPExample;
		};
/* End PBXContainerItemProxy section */

/* Begin PBXFileReference section */
		7CD3DC2A27D76ED800E48D71 /* KKPExample.app */ = {isa = PBXFileReference; explicitFileType = wrapper.application; includeInIndex = 0; path = KKPExample.app; sourceTree = BUILT_PRODUCTS_DIR; };
		7CD3DC2D27D76ED800E48D71 /* AppDelegate.h */ = {isa = PBXFileReference; lastKnownFileType = sourcecode.c.h; path = AppDelegate.h; sourceTree = "<group>"; };
		7CD3DC2E27D76ED800E48D71 /* AppDelegate.m */ = {isa = PBXFileReference; lastKnownFileType = sourcecode.c.objc; path = AppDelegate.m; sourceTree = "<group>"; };
		7CD3DC3027D76ED800E48D71 /* SceneDelegate.h */ = {isa = PBXFileReference; lastKnownFileType = sourcecode.c.h; path = SceneDelegate.h; sourceTree = "<group>"; };
		7CD3DC3127D76ED800E48D71 /* SceneDelegate.m */ = {isa = PBXFileReference; lastKnownFileType = sourcecode.c.objc; path = SceneDelegate.m; sourceTree = "<group>"; };
		7CD3DC3327D76ED800E48D71 /* ViewController.h */ = {isa = PBXFileReference; lastKnownFileType = sourcecode.c.h; path = ViewController.h; sourceTree = "<group>"; };
		7CD3DC3427D76ED800E48D71 /* ViewController.m */ = {isa = PBXFileReference; lastKnownFileType = sourcecode.c.objc; path = ViewController.m; sourceTree = "<group>"; };
		7CD3DC3727D76ED800E48D71 /* Base */ = {isa = PBXFileReference; lastKnownFileType = file.storyboard; name = Base; path = Base.lproj/Main.storyboard; sourceTree = "<group>"; };
		7CD3DC3927D76ED900E48D71 /* Assets.xcassets */ = {isa = PBXFileReference; lastKnownFileType = folder.assetcatalog; path = Assets.xcassets; sourceTree = "<group>"; };
		7CD3DC3C27D76ED900E48D71 /* Base */ = {isa = PBXFileReference; lastKnownFileType = file.storyboard; name = Base; path = Base.lproj/LaunchScreen.storyboard; sourceTree = "<group>"; };
		7CD3DC3E27D76ED900E48D71 /* Info.plist */ = {isa = PBXFileReference; lastKnownFileType = text.plist.xml; path = Info.plist; sourceTree = "<group>"; };
		7CD3DC3F27D76ED900E48D71 /* main.m */ = {isa = PBXFileReference; lastKnownFileType = sourcecode.c.objc; path = main.m; sourceTree = "<group>"; };
		7CD3DC4527D76ED900E48D71 /* KKPExampleTests.xctest */ = {isa = PBXFileReference; explicitFileType = wrapper.cfbundle; includeInIndex = 0; path = KKPExampleTests.xctest; sourceTree = BUILT_PRODUCTS_DIR; };
		7CD3DC4927D76ED900E48D71 /* KKPExampleTests.m */ = {isa = PBXFileReference; lastKnownFileType = sourcecode.c.objc; path = KKPExampleTests.m; sourceTree = "<group>"; };
		7CD3DC4F27D76ED900E48D71 /* KKPExampleUITests.xctest */ = {isa = PBXFileReference; explicitFileType = wrapper.cfbundle; includeInIndex = 0; path = KKPExampleUITests.xctest; sourceTree = BUILT_PRODUCTS_DIR; };
		7CD3DC5327D76ED900E48D71 /* KKPExampleUITests.m */ = {isa = PBXFileReference; lastKnownFileType = sourcecode.c.objc; path = KKPExampleUITests.m; sourceTree = "<group>"; };
		7CD3DC5527D76ED900E48D71 /* KKPExampleUITestsLaunchTests.m */ = {isa = PBXFileReference; lastKnownFileType = sourcecode.c.objc; path = KKPExampleUITestsLaunchTests.m; sourceTree = "<group>"; };
/* End PBXFileReference section */

/* Begin PBXFrameworksBuildPhase section */
		7CD3DC2727D76ED800E48D71 /* Frameworks */ = {
			isa = PBXFrameworksBuildPhase;
			buildActionMask = 2147483647;
			files = (
			);
			runOnlyForDeploymentPostprocessing = 0;
		};
		7CD3DC4227D76ED900E48D71 /* Frameworks */ = {
			isa = PBXFrameworksBuildPhase;
			buildActionMask = 2147483647;
			files = (
			);
			runOnlyForDeploymentPostprocessing = 0;
		};
		7CD3DC4C27D76ED900E48D71 /* Frameworks */ = {
			isa = PBXFrameworksBuildPhase;
			buildActionMask = 2147483647;
			files = (
			);
			runOnlyForDeploymentPostprocessing = 0;
		};
/* End PBXFrameworksBuildPhase section */

/* Begin PBXGroup section */
		7CD3DC2127D76ED800E48D71 = {
			isa = PBXGroup;
			children = (
				7CD3DC2C27D76ED800E48D71 /* KKPExample */,
				7CD3DC4827D76ED900E48D71 /* KKPExampleTests */,
				7CD3DC5227D76ED900E48D71 /* KKPExampleUITests */,
				7CD3DC2B27D76ED800E48D71 /* Products */,
			);
			sourceTree = "<group>";
		};
		7CD3DC2B27D76ED800E48D71 /* Products */ = {
			isa = PBXGroup;
			children = (
				7CD3DC2A27D76ED800E48D71 /* KKPExample.app */,
				7CD3DC4527D76ED900E48D71 /* KKPExampleTests.xctest */,
				7CD3DC4F27D76ED900E48D71 /* KKPExampleUITests.xctest */,
			);
			name = Products;
			sourceTree = "<group>";
		};
		7CD3DC2C27D76ED800E48D71 /* KKPExample */ = {
			isa = PBXGroup;
			children = (
				7CD3DC2D27D76ED800E48D71 /* AppDelegate.h */,
				7CD3DC2E27D76ED800E48D71 /* AppDelegate.m */,
				7CD3DC3027D76ED800E48D71 /* SceneDelegate.h */,
				7CD3DC3127D76ED800E48D71 /* SceneDelegate.m */,
				7CD3DC3327D76ED800E48D71 /* ViewController.h */,
				7CD3DC3427D76ED800E48D71 /* ViewController.m */,
				7CD3DC3627D76ED800E48D71 /* Main.storyboard */,
				7CD3DC3927D76ED900E48D71 /* Assets.xcassets */,
				7CD3DC3B27D76ED900E48D71 /* LaunchScreen.storyboard */,
				7CD3DC3E27D76ED900E48D71 /* Info.plist */,
				7CD3DC3F27D76ED900E48D71 /* main.m */,
			);
			path = KKPExample;
			sourceTree = "<group>";
		};
		7CD3DC4827D76ED900E48D71 /* KKPExampleTests */ = {
			isa = PBXGroup;
			children = (
				7CD3DC4927D76ED900E48D71 /* KKPExampleTests.m */,
			);
			path = KKPExampleTests;
			sourceTree = "<group>";
		};
		7CD3DC5227D76ED900E48D71 /* KKPExampleUITests */ = {
			isa = PBXGroup;
			children = (
				7CD3DC5327D76ED900E48D71 /* KKPExampleUITests.m */,
				7CD3DC5527D76ED900E48D71 /* KKPExampleUITestsLaunchTests.m */,
			);
			path = KKPExampleUITests;
			sourceTree = "<group>";
		};
/* End PBXGroup section */

/* Begin PBXNativeTarget section */
		7CD3DC2927D76ED800E48D71 /* KKPExample */ = {
			isa = PBXNativeTarget;
			buildConfigurationList = 7CD3DC5927D76ED900E48D71 /* Build configuration list for PBXNativeTarget "KKPExample" */;
			buildPhases = (
				7CD3DC2627D76ED800E48D71 /* Sources */,
				7CD3DC2727D76ED800E48D71 /* Frameworks */,
				7CD3DC2827D76ED800E48D71 /* Resources */,
			);
			buildRules = (
			);
			dependencies = (
			);
			name = KKPExample;
			productName = KKPExample;
			productReference = 7CD3DC2A27D76ED800E48D71 /* KKPExample.app */;
			productType = "com.apple.product-type.application";
		};
		7CD3DC4427D76ED900E48D71 /* KKPExampleTests */ = {
			isa = PBXNativeTarget;
			buildConfigurationList = 7CD3DC5C27D76ED900E48D71 /* Build configuration list for PBXNativeTarget "KKPExampleTests" */;
			buildPhases = (
				7CD3DC4127D76ED900E48D71 /* Sources */,
				7CD3DC4227D76ED900E48D71 /* Frameworks */,
				7CD3DC4327D76ED900E48D71 /* Resources */,
			);
			buildRules = (
			);
			dependencies = (
				7CD3DC4727D76ED900E48D71 /* PBXTargetDependency */,
			);
			name = KKPExampleTests;
			productName = KKPExampleTests;
			productReference = 7CD3DC4527D76ED900E48D71 /* KKPExampleTests.xctest */;
			productType = "com.apple.product-type.bundle.unit-test";
		};
		7CD3DC4E27D76ED900E48D71 /* KKPExampleUITests */ = {
			isa = PBXNativeTarget;
			buildConfigurationList = 7CD3DC5F27D76ED900E48D71 /* Build configuration list for PBXNativeTarget "KKPExampleUITests" */;
			buildPhases = (
				7CD3DC4B27D76ED900E48D71 /* Sources */,
				7CD3DC4C27D76ED900E48D71 /* Frameworks */,
				7CD3DC4D27D76ED900E48D71 /* Resources */,
			);
			buildRules = (
			);
			dependencies = (
				7CD3DC5127D76ED900E48D71 /* PBXTargetDependency */,
			);
			name = KKPExampleUITests;
			productName = KKPExampleUITests;
			productReference = 7CD3DC4F27D76ED900E48D71 /* KKPExampleUITests.xctest */;
			productType = "com.apple.product-type.bundle.ui-testing";
		};
/* End PBXNativeTarget section */

/* Begin PBXProject section */
		7CD3DC2227D76ED800E48D71 /* Project object */ = {
			isa = PBXProject;
			attributes = {
				BuildIndependentTargetsInParallel = 1;
				LastUpgradeCheck = 1320;
				TargetAttributes = {
					7CD3DC2927D76ED800E48D71 = {
						CreatedOnToolsVersion = 13.2.1;
					};
					7CD3DC4427D76ED900E48D71 = {
						CreatedOnToolsVersion = 13.2.1;
						TestTargetID = 7CD3DC2927D76ED800E48D71;
					};
					7CD3DC4E27D76ED900E48D71 = {
						CreatedOnToolsVersion = 13.2.1;
						TestTargetID = 7CD3DC2927D76ED800E48D71;
					};
				};
			};
			buildConfigurationList = 7CD3DC2527D76ED800E48D71 /* Build configuration list for PBXProject "KKPExample" */;
			compatibilityVersion = "Xcode 13.0";
			developmentRegion = en;
			hasScannedForEncodings = 0;
			knownRegions = (
				en,
				Base,
			);
			mainGroup = 7CD3DC2127D76ED800E48D71;
			productRefGroup = 7CD3DC2B27D76ED800E48D71 /* Products */;
			projectDirPath = "";
			projectRoot = "";
			targets = (
				7CD3DC2927D76ED800E48D71 /* KKPExample */,
				7CD3DC4427D76ED900E48D71 /* KKPExampleTests */,
				7CD3DC4E27D76ED900E48D71 /* KKPExampleUITests */,
			);
		};
/* End PBXProject section */

/* Begin PBXResourcesBuildPhase section */
		7CD3DC2827D76ED800E48D71 /* Resources */ = {
			isa = PBXResourcesBuildPhase;
			buildActionMask = 2147483647;
			files = (
				7CD3DC3D27D76ED900E48D71 /* LaunchScreen.storyboard in Resources */,
				7CD3DC3A27D76ED900E48D71 /* Assets.xcassets in Resources */,
				7CD3DC3827D76ED800E48D71 /* Main.storyboard in Resources */,
			);
			runOnlyForDeploymentPostprocessing = 0;
		};
		7CD3DC4327D76ED900E48D71 /* Resources */ = {
			isa = PBXResourcesBuildPhase;
			buildActionMask = 2147483647;
			files = (
			);
			runOnlyForDeploymentPostprocessing = 0;
		};
		7CD3DC4D27D76ED900E48D71 /* Resources */ = {
			isa = PBXResourcesBuildPhase;
			buildActionMask = 2147483647;
			files = (
			);
			runOnlyForDeploymentPostprocessing = 0;
		};
/* End PBXResourcesBuildPhase section */

/* Begin PBXSourcesBuildPhase section */
		7CD3DC2627D76ED800E48D71 /* Sources */ = {
			isa = PBXSourcesBuildPhase;
			buildActionMask = 2147483647;
			files = (
				7CD3DC3527D76ED800E48D71 /* ViewController.m in Sources */,
				7CD3DC2F27D76ED800E48D71 /* AppDelegate.m in Sources */,
				7CD3DC4027D76ED900E48D71 /* main.m in Sources */,
				7CD3DC3227D76ED800E48D71 /* SceneDelegate.m in Sources */,
			);
			runOnlyForDeploymentPostprocessing = 0;
		};
		7CD3DC4127D76ED900E48D71 /* Sources */ = {
			isa = PBXSourcesBuildPhase;
			buildActionMask = 2147483647;
			files = (
				7CD3DC4A27D76ED900E48D71 /* KKPExampleTests.m in Sources */,
			);
			runOnlyForDeploymentPostprocessing = 0;
		};
		7CD3DC4B27D76ED900E48D71 /* Sources */ = {
			isa = PBXSourcesBuildPhase;
			buildActionMask = 2147483647;
			files = (
				7CD3DC5627D76ED900E48D71 /* KKPExampleUITestsLaunchTests.m in Sources */,
				7CD3DC5427D76ED900E48D71 /* KKPExampleUITests.m in Sources */,
			);
			runOnlyForDeploymentPostprocessing = 0;
		};
/* End PBXSourcesBuildPhase section */

/* Begin PBXTargetDependency section */
		7CD3DC4727D76ED900E48D71 /* PBXTargetDependency */ = {
			isa = PBXTargetDependency;
			target = 7CD3DC2927D76ED800E48D71 /* KKPExample */;
			targetProxy = 7CD3DC4627D76ED900E48D71 /* PBXContainerItemProxy */;
		};
		7CD3DC5127D76ED900E48D71 /* PBXTargetDependency */ = {
			isa = PBXTargetDependency;
			target = 7CD3DC2927D76ED800E48D71 /* KKPExample */;
			targetProxy = 7CD3DC5027D76ED900E48D71 /* PBXContainerItemProxy */;
		};
/* End PBXTargetDependency section */

/* Begin PBXVariantGroup section */
		7CD3DC3627D76ED800E48D71 /* Main.storyboard */ = {
			isa = PBXVariantGroup;
			children = (
				7CD3DC3727D76ED800E48D71 /* Base */,
			);
			name = Main.storyboard;
			sourceTree = "<group>";
		};
		7CD3DC3B27D76ED900E48D71 /* LaunchScreen.storyboard */ = {
			isa = PBXVariantGroup;
			children = (
				7CD3DC3C27D76ED900E48D71 /* Base */,
			);
			name = LaunchScreen.storyboard;
			sourceTree = "<group>";
		};
/* End PBXVariantGroup section */

/* Begin XCBuildConfiguration section */
		7CD3DC5727D76ED900E48D71 /* Debug */ = {
			isa = XCBuildConfiguration;
			buildSettings = {
				ALWAYS_SEARCH_USER_PATHS = NO;
				CLANG_ANALYZER_NONNULL = YES;
				CLANG_ANALYZER_NUMBER_OBJECT_CONVERSION = YES_AGGRESSIVE;
				CLANG_CXX_LANGUAGE_STANDARD = "gnu++17";
				CLANG_CXX_LIBRARY = "libc++";
				CLANG_ENABLE_MODULES = YES;
				CLANG_ENABLE_OBJC_ARC = YES;
				CLANG_ENABLE_OBJC_WEAK = YES;
				CLANG_WARN_BLOCK_CAPTURE_AUTORELEASING = YES;
				CLANG_WARN_BOOL_CONVERSION = YES;
				CLANG_WARN_COMMA = YES;
				CLANG_WARN_CONSTANT_CONVERSION = YES;
				CLANG_WARN_DEPRECATED_OBJC_IMPLEMENTATIONS = YES;
				CLANG_WARN_DIRECT_OBJC_ISA_USAGE = YES_ERROR;
				CLANG_WARN_DOCUMENTATION_COMMENTS = YES;
				CLANG_WARN_EMPTY_BODY = YES;
				CLANG_WARN_ENUM_CONVERSION = YES;
				CLANG_WARN_INFINITE_RECURSION = YES;
				CLANG_WARN_INT_CONVERSION = YES;
				CLANG_WARN_NON_LITERAL_NULL_CONVERSION = YES;
				CLANG_WARN_OBJC_IMPLICIT_RETAIN_SELF = YES;
				CLANG_WARN_OBJC_LITERAL_CONVERSION = YES;
				CLANG_WARN_OBJC_ROOT_CLASS = YES_ERROR;
				CLANG_WARN_QUOTED_INCLUDE_IN_FRAMEWORK_HEADER = YES;
				CLANG_WARN_RANGE_LOOP_ANALYSIS = YES;
				CLANG_WARN_STRICT_PROTOTYPES = YES;
				CLANG_WARN_SUSPICIOUS_MOVE = YES;
				CLANG_WARN_UNGUARDED_AVAILABILITY = YES_AGGRESSIVE;
				CLANG_WARN_UNREACHABLE_CODE = YES;
				CLANG_WARN__DUPLICATE_METHOD_MATCH = YES;
				COPY_PHASE_STRIP = NO;
				DEBUG_INFORMATION_FORMAT = dwarf;
				ENABLE_STRICT_OBJC_MSGSEND = YES;
				ENABLE_TESTABILITY = YES;
				GCC_C_LANGUAGE_STANDARD = gnu11;
				GCC_DYNAMIC_NO_PIC = NO;
				GCC_NO_COMMON_BLOCKS = YES;
				GCC_OPTIMIZATION_LEVEL = 0;
				GCC_PREPROCESSOR_DEFINITIONS = (
					"DEBUG=1",
					"$(inherited)",
				);
				GCC_WARN_64_TO_32_BIT_CONVERSION = YES;
				GCC_WARN_ABOUT_RETURN_TYPE = YES_ERROR;
				GCC_WARN_UNDECLARED_SELECTOR = YES;
				GCC_WARN_UNINITIALIZED_AUTOS = YES_AGGRESSIVE;
				GCC_WARN_UNUSED_FUNCTION = YES;
				GCC_WARN_UNUSED_VARIABLE = YES;
				IPHONEOS_DEPLOYMENT_TARGET = 15.2;
				MTL_ENABLE_DEBUG_INFO = INCLUDE_SOURCE;
				MTL_FAST_MATH = YES;
				ONLY_ACTIVE_ARCH = YES;
				SDKROOT = iphoneos;
			};
			name = Debug;
		};
		7CD3DC5827D76ED900E48D71 /* Release */ = {
			isa = XCBuildConfiguration;
			buildSettings = {
				ALWAYS_SEARCH_USER_PATHS = NO;
				CLANG_ANALYZER_NONNULL = YES;
				CLANG_ANALYZER_NUMBER_OBJECT_CONVERSION = YES_AGGRESSIVE;
				CLANG_CXX_LANGUAGE_STANDARD = "gnu++17";
				CLANG_CXX_LIBRARY = "libc++";
				CLANG_ENABLE_MODULES = YES;
				CLANG_ENABLE_OBJC_ARC = YES;
				CLANG_ENABLE_OBJC_WEAK = YES;
				CLANG_WARN_BLOCK_CAPTURE_AUTORELEASING = YES;
				CLANG_WARN_BOOL_CONVERSION = YES;
				CLANG_WARN_COMMA = YES;
				CLANG_WARN_CONSTANT_CONVERSION = YES;
				CLANG_WARN_DEPRECATED_OBJC_IMPLEMENTATIONS = YES;
				CLANG_WARN_DIRECT_OBJC_ISA_USAGE = YES_ERROR;
				CLANG_WARN_DOCUMENTATION_COMMENTS = YES;
				CLANG_WARN_EMPTY_BODY = YES;
				CLANG_WARN_ENUM_CONVERSION = YES;
				CLANG_WARN_INFINITE_RECURSION = YES;
				CLANG_WARN_INT_CONVERSION = YES;
				CLANG_WARN_NON_LITERAL_NULL_CONVERSION = YES;
				CLANG_WARN_OBJC_IMPLICIT_RETAIN_SELF = YES;
				CLANG_WARN_OBJC_LITERAL_CONVERSION = YES;
				CLANG_WARN_OBJC_ROOT_CLASS = YES_ERROR;
				CLANG_WARN_QUOTED_INCLUDE_IN_FRAMEWORK_HEADER = YES;
				CLANG_WARN_RANGE_LOOP_ANALYSIS = YES;
				CLANG_WARN_STRICT_PROTOTYPES = YES;
				CLANG_WARN_SUSPICIOUS_MOVE = YES;
				CLANG_WARN_UNGUARDED_AVAILABILITY = YES_AGGRESSIVE;
				CLANG_WARN_UNREACHABLE_CODE = YES;
				CLANG_WARN__DUPLICATE_METHOD_MATCH = YES;
				COPY_PHASE_STRIP = NO;
				DEBUG_INFORMATION_FORMAT = "dwarf-with-dsym";
				ENABLE_NS_ASSERTIONS = NO;
				ENABLE_STRICT_OBJC_MSGSEND = YES;
				GCC_C_LANGUAGE_STANDARD = gnu11;
				GCC_NO_COMMON_BLOCKS = YES;
				GCC_WARN_64_TO_32_BIT_CONVERSION = YES;
				GCC_WARN_ABOUT_RETURN_TYPE = YES_ERROR;
				GCC_WARN_UNDECLARED_SELECTOR = YES;
				GCC_WARN_UNINITIALIZED_AUTOS = YES_AGGRESSIVE;
				GCC_WARN_UNUSED_FUNCTION = YES;
				GCC_WARN_UNUSED_VARIABLE = YES;
				IPHONEOS_DEPLOYMENT_TARGET = 15.2;
				MTL_ENABLE_DEBUG_INFO = NO;
				MTL_FAST_MATH = YES;
				SDKROOT = iphoneos;
				VALIDATE_PRODUCT = YES;
			};
			name = Release;
		};
		7CD3DC5A27D76ED900E48D71 /* Debug */ = {
			isa = XCBuildConfiguration;
			buildSettings = {
				ASSETCATALOG_COMPILER_APPICON_NAME = AppIcon;
				ASSETCATALOG_COMPILER_GLOBAL_ACCENT_COLOR_NAME = AccentColor;
				CODE_SIGN_STYLE = Automatic;
				CURRENT_PROJECT_VERSION = 1;
				GENERATE_INFOPLIST_FILE = YES;
				INFOPLIST_FILE = KKPExample/Info.plist;
				INFOPLIST_KEY_UIApplicationSupportsIndirectInputEvents = YES;
				INFOPLIST_KEY_UILaunchStoryboardName = LaunchScreen;
				INFOPLIST_KEY_UIMainStoryboardFile = Main;
				INFOPLIST_KEY_UISupportedInterfaceOrientations_iPad = "UIInterfaceOrientationPortrait UIInterfaceOrientationPortraitUpsideDown UIInterfaceOrientationLandscapeLeft UIInterfaceOrientationLandscapeRight";
				INFOPLIST_KEY_UISupportedInterfaceOrientations_iPhone = "UIInterfaceOrientationPortrait UIInterfaceOrientationLandscapeLeft UIInterfaceOrientationLandscapeRight";
				LD_RUNPATH_SEARCH_PATHS = (
					"$(inherited)",
					"@executable_path/Frameworks",
				);
				MARKETING_VERSION = 1.0;
				PRODUCT_BUNDLE_IDENTIFIER = com.karos.kkp.KKPExample;
				PRODUCT_NAME = "$(TARGET_NAME)";
				SWIFT_EMIT_LOC_STRINGS = YES;
				TARGETED_DEVICE_FAMILY = "1,2";
			};
			name = Debug;
		};
		7CD3DC5B27D76ED900E48D71 /* Release */ = {
			isa = XCBuildConfiguration;
			buildSettings = {
				ASSETCATALOG_COMPILER_APPICON_NAME = AppIcon;
				ASSETCATALOG_COMPILER_GLOBAL_ACCENT_COLOR_NAME = AccentColor;
				CODE_SIGN_STYLE = Automatic;
				CURRENT_PROJECT_VERSION = 1;
				GENERATE_INFOPLIST_FILE = YES;
				INFOPLIST_FILE = KKPExample/Info.plist;
				INFOPLIST_KEY_UIApplicationSupportsIndirectInputEvents = YES;
				INFOPLIST_KEY_UILaunchStoryboardName = LaunchScreen;
				INFOPLIST_KEY_UIMainStoryboardFile = Main;
				INFOPLIST_KEY_UISupportedInterfaceOrientations_iPad = "UIInterfaceOrientationPortrait UIInterfaceOrientationPortraitUpsideDown UIInterfaceOrientationLandscapeLeft UIInterfaceOrientationLandscapeRight";
				INFOPLIST_KEY_UISupportedInterfaceOrientations_iPhone = "UIInterfaceOrientationPortrait UIInterfaceOrientationLandscapeLeft UIInterfaceOrientationLandscapeRight";
				LD_RUNPATH_SEARCH_PATHS = (
					"$(inherited)",
					"@executable_path/Frameworks",
				);
				MARKETING_VERSION = 1.0;
				PRODUCT_BUNDLE_IDENTIFIER = com.karos.kkp.KKPExample;
				PRODUCT_NAME = "$(TARGET_NAME)";
				SWIFT_EMIT_LOC_STRINGS = YES;
				TARGETED_DEVICE_FAMILY = "1,2";
			};
			name = Release;
		};
		7CD3DC5D27D76ED900E48D71 /* Debug */ = {
			isa = XCBuildConfiguration;
			buildSettings = {
				BUNDLE_LOADER = "$(TEST_HOST)";
				CODE_SIGN_STYLE = Automatic;
				CURRENT_PROJECT_VERSION = 1;
				GENERATE_INFOPLIST_FILE = YES;
				IPHONEOS_DEPLOYMENT_TARGET = 15.2;
				MARKETING_VERSION = 1.0;
				PRODUCT_BUNDLE_IDENTIFIER = com.karos.kkp.KKPExampleTests;
				PRODUCT_NAME = "$(TARGET_NAME)";
				SWIFT_EMIT_LOC_STRINGS = NO;
				TARGETED_DEVICE_FAMILY = "1,2";
				TEST_HOST = "$(BUILT_PRODUCTS_DIR)/KKPExample.app/KKPExample";
			};
			name = Debug;
		};
		7CD3DC5E27D76ED900E48D71 /* Release */ = {
			isa = XCBuildConfiguration;
			buildSettings = {
				BUNDLE_LOADER = "$(TEST_HOST)";
				CODE_SIGN_STYLE = Automatic;
				CURRENT_PROJECT_VERSION = 1;
				GENERATE_INFOPLIST_FILE = YES;
				IPHONEOS_DEPLOYMENT_TARGET = 15.2;
				MARKETING_VERSION = 1.0;
				PRODUCT_BUNDLE_IDENTIFIER = com.karos.kkp.KKPExampleTests;
				PRODUCT_NAME = "$(TARGET_NAME)";
				SWIFT_EMIT_LOC_STRINGS = NO;
				TARGETED_DEVICE_FAMILY = "1,2";
				TEST_HOST = "$(BUILT_PRODUCTS_DIR)/KKPExample.app/KKPExample";
			};
			name = Release;
		};
		7CD3DC6027D76ED900E48D71 /* Debug */ = {
			isa = XCBuildConfiguration;
			buildSettings = {
				CODE_SIGN_STYLE = Automatic;
				CURRENT_PROJECT_VERSION = 1;
				GENERATE_INFOPLIST_FILE = YES;
				MARKETING_VERSION = 1.0;
				PRODUCT_BUNDLE_IDENTIFIER = com.karos.kkp.KKPExampleUITests;
				PRODUCT_NAME = "$(TARGET_NAME)";
				SWIFT_EMIT_LOC_STRINGS = NO;
				TARGETED_DEVICE_FAMILY = "1,2";
				TEST_TARGET_NAME = KKPExample;
			};
			name = Debug;
		};
		7CD3DC6127D76ED900E48D71 /* Release */ = {
			isa = XCBuildConfiguration;
			buildSettings = {
				CODE_SIGN_STYLE = Automatic;
				CURRENT_PROJECT_VERSION = 1;
				GENERATE_INFOPLIST_FILE = YES;
				MARKETING_VERSION = 1.0;
				PRODUCT_BUNDLE_IDENTIFIER = com.karos.kkp.KKPExampleUITests;
				PRODUCT_NAME = "$(TARGET_NAME)";
				SWIFT_EMIT_LOC_STRINGS = NO;
				TARGETED_DEVICE_FAMILY = "1,2";
				TEST_TARGET_NAME = KKPExample;
			};
			name = Release;
		};
/* End XCBuildConfiguration section */

/* Begin XCConfigurationList section */
		7CD3DC2527D76ED800E48D71 /* Build configuration list for PBXProject "KKPExample" */ = {
			isa = XCConfigurationList;
			buildConfigurations = (
				7CD3DC5727D76ED900E48D71 /* Debug */,
				7CD3DC5827D76ED900E48D71 /* Release */,
			);
			defaultConfigurationIsVisible = 0;
			defaultConfigurationName = Release;
		};
		7CD3DC5927D76ED900E48D71 /* Build configuration list for PBXNativeTarget "KKPExample" */ = {
			isa = XCConfigurationList;
			buildConfigurations = (
				7CD3DC5A27D76ED900E48D71 /* Debug */,
				7CD3DC5B27D76ED900E48D71 /* Release */,
			);
			defaultConfigurationIsVisible = 0;
			defaultConfigurationName = Release;
		};
		7CD3DC5C27D76ED900E48D71 /* Build configuration list for PBXNativeTarget "KKPExampleTests" */ = {
			isa = XCConfigurationList;
			buildConfigurations = (
				7CD3DC5D27D76ED900E48D71 /* Debug */,
				7CD3DC5E27D76ED900E48D71 /* Release */,
			);
			defaultConfigurationIsVisible = 0;
			defaultConfigurationName = Release;
		};
		7CD3DC5F27D76ED900E48D71 /* Build configuration list for PBXNativeTarget "KKPExampleUITests" */ = {
			isa = XCConfigurationList;
			buildConfigurations = (
				7CD3DC6027D76ED900E48D71 /* Debug */,
				7CD3DC6127D76ED900E48D71 /* Release */,
			);
			defaultConfigurationIsVisible = 0;
			defaultConfigurationName = Release;
		};
/* End XCConfigurationList section */
	};
	rootObject = 7CD3DC2227D76ED800E48D71 /* Project object */;
}
